
Microsoft Visual Studio Solution File, Format Version 12.00
# Visual Studio 14
VisualStudioVersion = 14.0.25420.1
MinimumVisualStudioVersion = 10.0.40219.1
Project("{FAE04EC0-301F-11D3-BF4B-00C04F79EFBC}") = "Pratice3TierApp", "Pratice3TierApp\Pratice3TierApp.csproj", "{97687C08-88E5-40F4-8385-C8FD0F0D7323}"
EndProject
Project("{FAE04EC0-301F-11D3-BF4B-00C04F79EFBC}") = "BusinessObject", "BusinessObject\BusinessObject.csproj", "{236625F7-588C-4058-88EE-6825DE7E3987}"
EndProject
Project("{FAE04EC0-301F-11D3-BF4B-00C04F79EFBC}") = "BusinessLogic", "BusinessLogic\BusinessLogic.csproj", "{89C6743C-8CA5-4A91-A96D-E74B7C19F4B6}"
EndProject
Project("{FAE04EC0-301F-11D3-BF4B-00C04F79EFBC}") = "DataAccess", "DataAccess\DataAccess.csproj", "{5DCF2117-C2BD-40B4-B39F-862CA33ABF70}"
EndProject
Global
	GlobalSection(SolutionConfigurationPlatforms) = preSolution
		Debug|Any CPU = Debug|Any CPU
		Release|Any CPU = Release|Any CPU
	EndGlobalSection
	GlobalSection(ProjectConfigurationPlatforms) = postSolution
		{97687C08-88E5-40F4-8385-C8FD0F0D7323}.Debug|Any CPU.ActiveCfg = Debug|Any CPU
		{97687C08-88E5-40F4-8385-C8FD0F0D7323}.Debug|Any CPU.Build.0 = Debug|Any CPU
		{97687C08-88E5-40F4-8385-C8FD0F0D7323}.Release|Any CPU.ActiveCfg = Release|Any CPU
		{97687C08-88E5-40F4-8385-C8FD0F0D7323}.Release|Any CPU.Build.0 = Release|Any CPU
		{236625F7-588C-4058-88EE-6825DE7E3987}.Debug|Any CPU.ActiveCfg = Debug|Any CPU
		{236625F7-588C-4058-88EE-6825DE7E3987}.Debug|Any CPU.Build.0 = Debug|Any CPU
		{236625F7-588C-4058-88EE-6825DE7E3987}.Release|Any CPU.ActiveCfg = Release|Any CPU
		{236625F7-588C-4058-88EE-6825DE7E3987}.Release|Any CPU.Build.0 = Release|Any CPU
		{89C6743C-8CA5-4A91-A96D-E74B7C19F4B6}.Debug|Any CPU.ActiveCfg = Debug|Any CPU
		{89C6743C-8CA5-4A91-A96D-E74B7C19F4B6}.Debug|Any CPU.Build.0 = Debug|Any CPU
		{89C6743C-8CA5-4A91-A96D-E74B7C19F4B6}.Release|Any CPU.ActiveCfg = Release|Any CPU
		{89C6743C-8CA5-4A91-A96D-E74B7C19F4B6}.Release|Any CPU.Build.0 = Release|Any CPU
		{5DCF2117-C2BD-40B4-B39F-862CA33ABF70}.Debug|Any CPU.ActiveCfg = Debug|Any CPU
		{5DCF2117-C2BD-40B4-B39F-862CA33ABF70}.Debug|Any CPU.Build.0 = Debug|Any CPU
		{5DCF2117-C2BD-40B4-B39F-862CA33ABF70}.Release|Any CPU.ActiveCfg = Release|Any CPU
		{5DCF2117-C2BD-40B4-B39F-862CA33ABF70}.Release|Any CPU.Build.0 = Release|Any CPU
	EndGlobalSection
	GlobalSection(SolutionProperties) = preSolution
		HideSolutionNode = FALSE
	EndGlobalSection
EndGlobal
